// !$*UTF8*$!
{
	archiveVersion = 1;
	classes = {
	};
	objectVersion = 56;
	objects = {

/* Begin PBXBuildFile section */
		DF4E599829366C9B0092D405 /* AppDelegate.swift in Sources */ = {isa = PBXBuildFile; fileRef = DF4E599729366C9B0092D405 /* AppDelegate.swift */; };
		DF4E599A29366C9B0092D405 /* SceneDelegate.swift in Sources */ = {isa = PBXBuildFile; fileRef = DF4E599929366C9B0092D405 /* SceneDelegate.swift */; };
		DF4E59A129366C9D0092D405 /* Assets.xcassets in Resources */ = {isa = PBXBuildFile; fileRef = DF4E59A029366C9D0092D405 /* Assets.xcassets */; };
		DF4E59A429366C9D0092D405 /* LaunchScreen.storyboard in Resources */ = {isa = PBXBuildFile; fileRef = DF4E59A229366C9D0092D405 /* LaunchScreen.storyboard */; };
		DF4E59AF29366C9D0092D405 /* Sepia_PetsTests.swift in Sources */ = {isa = PBXBuildFile; fileRef = DF4E59AE29366C9D0092D405 /* Sepia_PetsTests.swift */; };
		DF4E59B929366C9D0092D405 /* Sepia_PetsUITests.swift in Sources */ = {isa = PBXBuildFile; fileRef = DF4E59B829366C9D0092D405 /* Sepia_PetsUITests.swift */; };
		DF4E59BB29366C9D0092D405 /* Sepia_PetsUITestsLaunchTests.swift in Sources */ = {isa = PBXBuildFile; fileRef = DF4E59BA29366C9D0092D405 /* Sepia_PetsUITestsLaunchTests.swift */; };
		DF4E59CC293679AC0092D405 /* config.json in Resources */ = {isa = PBXBuildFile; fileRef = DF4E59CA293679AC0092D405 /* config.json */; };
		DF4E59CD293679AC0092D405 /* pets_list.json in Resources */ = {isa = PBXBuildFile; fileRef = DF4E59CB293679AC0092D405 /* pets_list.json */; };
		DF4E59CF29367C510092D405 /* AppAppearance.swift in Sources */ = {isa = PBXBuildFile; fileRef = DF4E59CE29367C510092D405 /* AppAppearance.swift */; };
		DF4E59D729367FDB0092D405 /* PetsListViewController.swift in Sources */ = {isa = PBXBuildFile; fileRef = DF4E59D529367FDB0092D405 /* PetsListViewController.swift */; };
		DF4E59DA2936804C0092D405 /* PetsListViewController.storyboard in Resources */ = {isa = PBXBuildFile; fileRef = DF4E59D92936804C0092D405 /* PetsListViewController.storyboard */; };
		DF4E59DE293681A80092D405 /* StoryboardInstantiable.swift in Sources */ = {isa = PBXBuildFile; fileRef = DF4E59DD293681A80092D405 /* StoryboardInstantiable.swift */; };
		DF4E59E0293682620092D405 /* Alertable.swift in Sources */ = {isa = PBXBuildFile; fileRef = DF4E59DF293682620092D405 /* Alertable.swift */; };
		DF4E59E2293686F70092D405 /* PetListViewModel.swift in Sources */ = {isa = PBXBuildFile; fileRef = DF4E59E1293686F70092D405 /* PetListViewModel.swift */; };
		DF4E59E4293688100092D405 /* Pet.swift in Sources */ = {isa = PBXBuildFile; fileRef = DF4E59E3293688100092D405 /* Pet.swift */; };
		DF4E59E829368AF40092D405 /* LocalDataRepository.swift in Sources */ = {isa = PBXBuildFile; fileRef = DF4E59E729368AF40092D405 /* LocalDataRepository.swift */; };
		DF4E59EA29368C4C0092D405 /* DataLoad.swift in Sources */ = {isa = PBXBuildFile; fileRef = DF4E59E929368C4C0092D405 /* DataLoad.swift */; };
		DF4E59EF293694730092D405 /* PetTableViewCell.swift in Sources */ = {isa = PBXBuildFile; fileRef = DF4E59ED293694730092D405 /* PetTableViewCell.swift */; };
		DF4E59F0293694730092D405 /* PetTableViewCell.xib in Resources */ = {isa = PBXBuildFile; fileRef = DF4E59EE293694730092D405 /* PetTableViewCell.xib */; };
		DF4E59F3293696280092D405 /* UIImageView+Extension.swift in Sources */ = {isa = PBXBuildFile; fileRef = DF4E59F2293696280092D405 /* UIImageView+Extension.swift */; };
		DF4E59F92936A1040092D405 /* PetDetailViewController.storyboard in Resources */ = {isa = PBXBuildFile; fileRef = DF4E59F82936A1040092D405 /* PetDetailViewController.storyboard */; };
		DF4E59FB2936A1100092D405 /* PetDetailViewController.swift in Sources */ = {isa = PBXBuildFile; fileRef = DF4E59FA2936A1100092D405 /* PetDetailViewController.swift */; };
/* End PBXBuildFile section */

/* Begin PBXContainerItemProxy section */
		DF4E59AB29366C9D0092D405 /* PBXContainerItemProxy */ = {
			isa = PBXContainerItemProxy;
			containerPortal = DF4E598C29366C9B0092D405 /* Project object */;
			proxyType = 1;
			remoteGlobalIDString = DF4E599329366C9B0092D405;
			remoteInfo = "Sepia Pets";
		};
		DF4E59B529366C9D0092D405 /* PBXContainerItemProxy */ = {
			isa = PBXContainerItemProxy;
			containerPortal = DF4E598C29366C9B0092D405 /* Project object */;
			proxyType = 1;
			remoteGlobalIDString = DF4E599329366C9B0092D405;
			remoteInfo = "Sepia Pets";
		};
/* End PBXContainerItemProxy section */

/* Begin PBXFileReference section */
		DF4E599429366C9B0092D405 /* Sepia Pets.app */ = {isa = PBXFileReference; explicitFileType = wrapper.application; includeInIndex = 0; path = "Sepia Pets.app"; sourceTree = BUILT_PRODUCTS_DIR; };
		DF4E599729366C9B0092D405 /* AppDelegate.swift */ = {isa = PBXFileReference; lastKnownFileType = sourcecode.swift; path = AppDelegate.swift; sourceTree = "<group>"; };
		DF4E599929366C9B0092D405 /* SceneDelegate.swift */ = {isa = PBXFileReference; lastKnownFileType = sourcecode.swift; path = SceneDelegate.swift; sourceTree = "<group>"; };
		DF4E59A029366C9D0092D405 /* Assets.xcassets */ = {isa = PBXFileReference; lastKnownFileType = folder.assetcatalog; path = Assets.xcassets; sourceTree = "<group>"; };
		DF4E59A329366C9D0092D405 /* Base */ = {isa = PBXFileReference; lastKnownFileType = file.storyboard; name = Base; path = Base.lproj/LaunchScreen.storyboard; sourceTree = "<group>"; };
		DF4E59A529366C9D0092D405 /* Info.plist */ = {isa = PBXFileReference; lastKnownFileType = text.plist.xml; path = Info.plist; sourceTree = "<group>"; };
		DF4E59AA29366C9D0092D405 /* Sepia PetsTests.xctest */ = {isa = PBXFileReference; explicitFileType = wrapper.cfbundle; includeInIndex = 0; path = "Sepia PetsTests.xctest"; sourceTree = BUILT_PRODUCTS_DIR; };
		DF4E59AE29366C9D0092D405 /* Sepia_PetsTests.swift */ = {isa = PBXFileReference; lastKnownFileType = sourcecode.swift; path = Sepia_PetsTests.swift; sourceTree = "<group>"; };
		DF4E59B429366C9D0092D405 /* Sepia PetsUITests.xctest */ = {isa = PBXFileReference; explicitFileType = wrapper.cfbundle; includeInIndex = 0; path = "Sepia PetsUITests.xctest"; sourceTree = BUILT_PRODUCTS_DIR; };
		DF4E59B829366C9D0092D405 /* Sepia_PetsUITests.swift */ = {isa = PBXFileReference; lastKnownFileType = sourcecode.swift; path = Sepia_PetsUITests.swift; sourceTree = "<group>"; };
		DF4E59BA29366C9D0092D405 /* Sepia_PetsUITestsLaunchTests.swift */ = {isa = PBXFileReference; lastKnownFileType = sourcecode.swift; path = Sepia_PetsUITestsLaunchTests.swift; sourceTree = "<group>"; };
		DF4E59CA293679AC0092D405 /* config.json */ = {isa = PBXFileReference; fileEncoding = 4; lastKnownFileType = text.json; path = config.json; sourceTree = "<group>"; };
		DF4E59CB293679AC0092D405 /* pets_list.json */ = {isa = PBXFileReference; fileEncoding = 4; lastKnownFileType = text.json; path = pets_list.json; sourceTree = "<group>"; };
		DF4E59CE29367C510092D405 /* AppAppearance.swift */ = {isa = PBXFileReference; lastKnownFileType = sourcecode.swift; path = AppAppearance.swift; sourceTree = "<group>"; };
		DF4E59D529367FDB0092D405 /* PetsListViewController.swift */ = {isa = PBXFileReference; lastKnownFileType = sourcecode.swift; path = PetsListViewController.swift; sourceTree = "<group>"; };
		DF4E59D92936804C0092D405 /* PetsListViewController.storyboard */ = {isa = PBXFileReference; lastKnownFileType = file.storyboard; path = PetsListViewController.storyboard; sourceTree = "<group>"; };
		DF4E59DD293681A80092D405 /* StoryboardInstantiable.swift */ = {isa = PBXFileReference; lastKnownFileType = sourcecode.swift; path = StoryboardInstantiable.swift; sourceTree = "<group>"; };
		DF4E59DF293682620092D405 /* Alertable.swift */ = {isa = PBXFileReference; lastKnownFileType = sourcecode.swift; path = Alertable.swift; sourceTree = "<group>"; };
		DF4E59E1293686F70092D405 /* PetListViewModel.swift */ = {isa = PBXFileReference; lastKnownFileType = sourcecode.swift; path = PetListViewModel.swift; sourceTree = "<group>"; };
		DF4E59E3293688100092D405 /* Pet.swift */ = {isa = PBXFileReference; lastKnownFileType = sourcecode.swift; path = Pet.swift; sourceTree = "<group>"; };
		DF4E59E729368AF40092D405 /* LocalDataRepository.swift */ = {isa = PBXFileReference; lastKnownFileType = sourcecode.swift; path = LocalDataRepository.swift; sourceTree = "<group>"; };
		DF4E59E929368C4C0092D405 /* DataLoad.swift */ = {isa = PBXFileReference; lastKnownFileType = sourcecode.swift; path = DataLoad.swift; sourceTree = "<group>"; };
		DF4E59ED293694730092D405 /* PetTableViewCell.swift */ = {isa = PBXFileReference; lastKnownFileType = sourcecode.swift; path = PetTableViewCell.swift; sourceTree = "<group>"; };
		DF4E59EE293694730092D405 /* PetTableViewCell.xib */ = {isa = PBXFileReference; lastKnownFileType = file.xib; path = PetTableViewCell.xib; sourceTree = "<group>"; };
		DF4E59F2293696280092D405 /* UIImageView+Extension.swift */ = {isa = PBXFileReference; lastKnownFileType = sourcecode.swift; path = "UIImageView+Extension.swift"; sourceTree = "<group>"; };
		DF4E59F82936A1040092D405 /* PetDetailViewController.storyboard */ = {isa = PBXFileReference; lastKnownFileType = file.storyboard; path = PetDetailViewController.storyboard; sourceTree = "<group>"; };
		DF4E59FA2936A1100092D405 /* PetDetailViewController.swift */ = {isa = PBXFileReference; lastKnownFileType = sourcecode.swift; path = PetDetailViewController.swift; sourceTree = "<group>"; };
/* End PBXFileReference section */

/* Begin PBXFrameworksBuildPhase section */
		DF4E599129366C9B0092D405 /* Frameworks */ = {
			isa = PBXFrameworksBuildPhase;
			buildActionMask = 2147483647;
			files = (
			);
			runOnlyForDeploymentPostprocessing = 0;
		};
		DF4E59A729366C9D0092D405 /* Frameworks */ = {
			isa = PBXFrameworksBuildPhase;
			buildActionMask = 2147483647;
			files = (
			);
			runOnlyForDeploymentPostprocessing = 0;
		};
		DF4E59B129366C9D0092D405 /* Frameworks */ = {
			isa = PBXFrameworksBuildPhase;
			buildActionMask = 2147483647;
			files = (
			);
			runOnlyForDeploymentPostprocessing = 0;
		};
/* End PBXFrameworksBuildPhase section */

/* Begin PBXGroup section */
		DF4E598B29366C9B0092D405 = {
			isa = PBXGroup;
			children = (
				DF4E599629366C9B0092D405 /* Sepia Pets */,
				DF4E59AD29366C9D0092D405 /* Sepia PetsTests */,
				DF4E59B729366C9D0092D405 /* Sepia PetsUITests */,
				DF4E599529366C9B0092D405 /* Products */,
			);
			sourceTree = "<group>";
		};
		DF4E599529366C9B0092D405 /* Products */ = {
			isa = PBXGroup;
			children = (
				DF4E599429366C9B0092D405 /* Sepia Pets.app */,
				DF4E59AA29366C9D0092D405 /* Sepia PetsTests.xctest */,
				DF4E59B429366C9D0092D405 /* Sepia PetsUITests.xctest */,
			);
			name = Products;
			sourceTree = "<group>";
		};
		DF4E599629366C9B0092D405 /* Sepia Pets */ = {
			isa = PBXGroup;
			children = (
				DF4E59EB293693570092D405 /* Helpers */,
				DF4E59E529368AC60092D405 /* Data */,
				DF4E59D029367D950092D405 /* Presentation */,
				DF4E59C8293678DC0092D405 /* Application */,
				DF4E59C72936789A0092D405 /* Resources */,
			);
			path = "Sepia Pets";
			sourceTree = "<group>";
		};
		DF4E59AD29366C9D0092D405 /* Sepia PetsTests */ = {
			isa = PBXGroup;
			children = (
				DF4E59AE29366C9D0092D405 /* Sepia_PetsTests.swift */,
			);
			path = "Sepia PetsTests";
			sourceTree = "<group>";
		};
		DF4E59B729366C9D0092D405 /* Sepia PetsUITests */ = {
			isa = PBXGroup;
			children = (
				DF4E59B829366C9D0092D405 /* Sepia_PetsUITests.swift */,
				DF4E59BA29366C9D0092D405 /* Sepia_PetsUITestsLaunchTests.swift */,
			);
			path = "Sepia PetsUITests";
			sourceTree = "<group>";
		};
		DF4E59C72936789A0092D405 /* Resources */ = {
			isa = PBXGroup;
			children = (
				DF4E59C9293679930092D405 /* Files */,
				DF4E59A029366C9D0092D405 /* Assets.xcassets */,
				DF4E59A229366C9D0092D405 /* LaunchScreen.storyboard */,
				DF4E59A529366C9D0092D405 /* Info.plist */,
			);
			path = Resources;
			sourceTree = "<group>";
		};
		DF4E59C8293678DC0092D405 /* Application */ = {
			isa = PBXGroup;
			children = (
				DF4E599729366C9B0092D405 /* AppDelegate.swift */,
				DF4E599929366C9B0092D405 /* SceneDelegate.swift */,
				DF4E59CE29367C510092D405 /* AppAppearance.swift */,
			);
			path = Application;
			sourceTree = "<group>";
		};
		DF4E59C9293679930092D405 /* Files */ = {
			isa = PBXGroup;
			children = (
				DF4E59CA293679AC0092D405 /* config.json */,
				DF4E59CB293679AC0092D405 /* pets_list.json */,
			);
			path = Files;
			sourceTree = "<group>";
		};
		DF4E59D029367D950092D405 /* Presentation */ = {
			isa = PBXGroup;
			children = (
				DF4E59F62936A0660092D405 /* PetDetail */,
				DF4E59D129367D9F0092D405 /* PetList */,
				DF4E59DB293680770092D405 /* Utils */,
			);
			path = Presentation;
			sourceTree = "<group>";
		};
		DF4E59D129367D9F0092D405 /* PetList */ = {
			isa = PBXGroup;
			children = (
				DF4E59D429367DCB0092D405 /* ViewModel */,
				DF4E59D329367DC50092D405 /* Entities */,
				DF4E59D229367DB30092D405 /* View */,
			);
			path = PetList;
			sourceTree = "<group>";
		};
		DF4E59D229367DB30092D405 /* View */ = {
			isa = PBXGroup;
			children = (
				DF4E59EC2936944D0092D405 /* Cell */,
				DF4E59D529367FDB0092D405 /* PetsListViewController.swift */,
				DF4E59D92936804C0092D405 /* PetsListViewController.storyboard */,
			);
			path = View;
			sourceTree = "<group>";
		};
		DF4E59D329367DC50092D405 /* Entities */ = {
			isa = PBXGroup;
			children = (
				DF4E59E3293688100092D405 /* Pet.swift */,
			);
			path = Entities;
			sourceTree = "<group>";
		};
		DF4E59D429367DCB0092D405 /* ViewModel */ = {
			isa = PBXGroup;
			children = (
				DF4E59E1293686F70092D405 /* PetListViewModel.swift */,
			);
			path = ViewModel;
			sourceTree = "<group>";
		};
		DF4E59DB293680770092D405 /* Utils */ = {
			isa = PBXGroup;
			children = (
				DF4E59F1293695FE0092D405 /* Extensions */,
				DF4E59DC2936807E0092D405 /* Protocols */,
			);
			path = Utils;
			sourceTree = "<group>";
		};
		DF4E59DC2936807E0092D405 /* Protocols */ = {
			isa = PBXGroup;
			children = (
				DF4E59DD293681A80092D405 /* StoryboardInstantiable.swift */,
				DF4E59DF293682620092D405 /* Alertable.swift */,
			);
			path = Protocols;
			sourceTree = "<group>";
		};
		DF4E59E529368AC60092D405 /* Data */ = {
			isa = PBXGroup;
			children = (
				DF4E59E629368AD10092D405 /* Repositories */,
			);
			path = Data;
			sourceTree = "<group>";
		};
		DF4E59E629368AD10092D405 /* Repositories */ = {
			isa = PBXGroup;
			children = (
				DF4E59E729368AF40092D405 /* LocalDataRepository.swift */,
			);
			path = Repositories;
			sourceTree = "<group>";
		};
		DF4E59EB293693570092D405 /* Helpers */ = {
			isa = PBXGroup;
			children = (
				DF4E59E929368C4C0092D405 /* DataLoad.swift */,
			);
			path = Helpers;
			sourceTree = "<group>";
		};
		DF4E59EC2936944D0092D405 /* Cell */ = {
			isa = PBXGroup;
			children = (
				DF4E59ED293694730092D405 /* PetTableViewCell.swift */,
				DF4E59EE293694730092D405 /* PetTableViewCell.xib */,
			);
			path = Cell;
			sourceTree = "<group>";
		};
		DF4E59F1293695FE0092D405 /* Extensions */ = {
			isa = PBXGroup;
			children = (
				DF4E59F2293696280092D405 /* UIImageView+Extension.swift */,
			);
			path = Extensions;
			sourceTree = "<group>";
		};
		DF4E59F62936A0660092D405 /* PetDetail */ = {
			isa = PBXGroup;
			children = (
				DF4E59F72936A0D70092D405 /* View */,
			);
			path = PetDetail;
			sourceTree = "<group>";
		};
		DF4E59F72936A0D70092D405 /* View */ = {
			isa = PBXGroup;
			children = (
				DF4E59F82936A1040092D405 /* PetDetailViewController.storyboard */,
				DF4E59FA2936A1100092D405 /* PetDetailViewController.swift */,
			);
			path = View;
			sourceTree = "<group>";
		};
/* End PBXGroup section */

/* Begin PBXNativeTarget section */
		DF4E599329366C9B0092D405 /* Sepia Pets */ = {
			isa = PBXNativeTarget;
			buildConfigurationList = DF4E59BE29366C9D0092D405 /* Build configuration list for PBXNativeTarget "Sepia Pets" */;
			buildPhases = (
				DF4E599029366C9B0092D405 /* Sources */,
				DF4E599129366C9B0092D405 /* Frameworks */,
				DF4E599229366C9B0092D405 /* Resources */,
			);
			buildRules = (
			);
			dependencies = (
			);
			name = "Sepia Pets";
			productName = "Sepia Pets";
			productReference = DF4E599429366C9B0092D405 /* Sepia Pets.app */;
			productType = "com.apple.product-type.application";
		};
		DF4E59A929366C9D0092D405 /* Sepia PetsTests */ = {
			isa = PBXNativeTarget;
			buildConfigurationList = DF4E59C129366C9D0092D405 /* Build configuration list for PBXNativeTarget "Sepia PetsTests" */;
			buildPhases = (
				DF4E59A629366C9D0092D405 /* Sources */,
				DF4E59A729366C9D0092D405 /* Frameworks */,
				DF4E59A829366C9D0092D405 /* Resources */,
			);
			buildRules = (
			);
			dependencies = (
				DF4E59AC29366C9D0092D405 /* PBXTargetDependency */,
			);
			name = "Sepia PetsTests";
			productName = "Sepia PetsTests";
			productReference = DF4E59AA29366C9D0092D405 /* Sepia PetsTests.xctest */;
			productType = "com.apple.product-type.bundle.unit-test";
		};
		DF4E59B329366C9D0092D405 /* Sepia PetsUITests */ = {
			isa = PBXNativeTarget;
			buildConfigurationList = DF4E59C429366C9D0092D405 /* Build configuration list for PBXNativeTarget "Sepia PetsUITests" */;
			buildPhases = (
				DF4E59B029366C9D0092D405 /* Sources */,
				DF4E59B129366C9D0092D405 /* Frameworks */,
				DF4E59B229366C9D0092D405 /* Resources */,
			);
			buildRules = (
			);
			dependencies = (
				DF4E59B629366C9D0092D405 /* PBXTargetDependency */,
			);
			name = "Sepia PetsUITests";
			productName = "Sepia PetsUITests";
			productReference = DF4E59B429366C9D0092D405 /* Sepia PetsUITests.xctest */;
			productType = "com.apple.product-type.bundle.ui-testing";
		};
/* End PBXNativeTarget section */

/* Begin PBXProject section */
		DF4E598C29366C9B0092D405 /* Project object */ = {
			isa = PBXProject;
			attributes = {
				BuildIndependentTargetsInParallel = 1;
				LastSwiftUpdateCheck = 1400;
				LastUpgradeCheck = 1400;
				TargetAttributes = {
					DF4E599329366C9B0092D405 = {
						CreatedOnToolsVersion = 14.0.1;
					};
					DF4E59A929366C9D0092D405 = {
						CreatedOnToolsVersion = 14.0.1;
						TestTargetID = DF4E599329366C9B0092D405;
					};
					DF4E59B329366C9D0092D405 = {
						CreatedOnToolsVersion = 14.0.1;
						TestTargetID = DF4E599329366C9B0092D405;
					};
				};
			};
			buildConfigurationList = DF4E598F29366C9B0092D405 /* Build configuration list for PBXProject "Sepia Pets" */;
			compatibilityVersion = "Xcode 14.0";
			developmentRegion = en;
			hasScannedForEncodings = 0;
			knownRegions = (
				en,
				Base,
			);
			mainGroup = DF4E598B29366C9B0092D405;
			productRefGroup = DF4E599529366C9B0092D405 /* Products */;
			projectDirPath = "";
			projectRoot = "";
			targets = (
				DF4E599329366C9B0092D405 /* Sepia Pets */,
				DF4E59A929366C9D0092D405 /* Sepia PetsTests */,
				DF4E59B329366C9D0092D405 /* Sepia PetsUITests */,
			);
		};
/* End PBXProject section */

/* Begin PBXResourcesBuildPhase section */
		DF4E599229366C9B0092D405 /* Resources */ = {
			isa = PBXResourcesBuildPhase;
			buildActionMask = 2147483647;
			files = (
				DF4E59A429366C9D0092D405 /* LaunchScreen.storyboard in Resources */,
				DF4E59CC293679AC0092D405 /* config.json in Resources */,
				DF4E59A129366C9D0092D405 /* Assets.xcassets in Resources */,
				DF4E59F0293694730092D405 /* PetTableViewCell.xib in Resources */,
				DF4E59CD293679AC0092D405 /* pets_list.json in Resources */,
				DF4E59DA2936804C0092D405 /* PetsListViewController.storyboard in Resources */,
				DF4E59F92936A1040092D405 /* PetDetailViewController.storyboard in Resources */,
			);
			runOnlyForDeploymentPostprocessing = 0;
		};
		DF4E59A829366C9D0092D405 /* Resources */ = {
			isa = PBXResourcesBuildPhase;
			buildActionMask = 2147483647;
			files = (
			);
			runOnlyForDeploymentPostprocessing = 0;
		};
		DF4E59B229366C9D0092D405 /* Resources */ = {
			isa = PBXResourcesBuildPhase;
			buildActionMask = 2147483647;
			files = (
			);
			runOnlyForDeploymentPostprocessing = 0;
		};
/* End PBXResourcesBuildPhase section */

/* Begin PBXSourcesBuildPhase section */
		DF4E599029366C9B0092D405 /* Sources */ = {
			isa = PBXSourcesBuildPhase;
			buildActionMask = 2147483647;
			files = (
				DF4E59E0293682620092D405 /* Alertable.swift in Sources */,
				DF4E59EA29368C4C0092D405 /* DataLoad.swift in Sources */,
				DF4E59E2293686F70092D405 /* PetListViewModel.swift in Sources */,
				DF4E59E829368AF40092D405 /* LocalDataRepository.swift in Sources */,
				DF4E59E4293688100092D405 /* Pet.swift in Sources */,
				DF4E599829366C9B0092D405 /* AppDelegate.swift in Sources */,
				DF4E59F3293696280092D405 /* UIImageView+Extension.swift in Sources */,
				DF4E59EF293694730092D405 /* PetTableViewCell.swift in Sources */,
				DF4E599A29366C9B0092D405 /* SceneDelegate.swift in Sources */,
				DF4E59D729367FDB0092D405 /* PetsListViewController.swift in Sources */,
				DF4E59DE293681A80092D405 /* StoryboardInstantiable.swift in Sources */,
				DF4E59FB2936A1100092D405 /* PetDetailViewController.swift in Sources */,
				DF4E59CF29367C510092D405 /* AppAppearance.swift in Sources */,
			);
			runOnlyForDeploymentPostprocessing = 0;
		};
		DF4E59A629366C9D0092D405 /* Sources */ = {
			isa = PBXSourcesBuildPhase;
			buildActionMask = 2147483647;
			files = (
				DF4E59AF29366C9D0092D405 /* Sepia_PetsTests.swift in Sources */,
			);
			runOnlyForDeploymentPostprocessing = 0;
		};
		DF4E59B029366C9D0092D405 /* Sources */ = {
			isa = PBXSourcesBuildPhase;
			buildActionMask = 2147483647;
			files = (
				DF4E59B929366C9D0092D405 /* Sepia_PetsUITests.swift in Sources */,
				DF4E59BB29366C9D0092D405 /* Sepia_PetsUITestsLaunchTests.swift in Sources */,
			);
			runOnlyForDeploymentPostprocessing = 0;
		};
/* End PBXSourcesBuildPhase section */

/* Begin PBXTargetDependency section */
		DF4E59AC29366C9D0092D405 /* PBXTargetDependency */ = {
			isa = PBXTargetDependency;
			target = DF4E599329366C9B0092D405 /* Sepia Pets */;
			targetProxy = DF4E59AB29366C9D0092D405 /* PBXContainerItemProxy */;
		};
		DF4E59B629366C9D0092D405 /* PBXTargetDependency */ = {
			isa = PBXTargetDependency;
			target = DF4E599329366C9B0092D405 /* Sepia Pets */;
			targetProxy = DF4E59B529366C9D0092D405 /* PBXContainerItemProxy */;
		};
/* End PBXTargetDependency section */

/* Begin PBXVariantGroup section */
		DF4E59A229366C9D0092D405 /* LaunchScreen.storyboard */ = {
			isa = PBXVariantGroup;
			children = (
				DF4E59A329366C9D0092D405 /* Base */,
			);
			name = LaunchScreen.storyboard;
			sourceTree = "<group>";
		};
/* End PBXVariantGroup section */

/* Begin XCBuildConfiguration section */
		DF4E59BC29366C9D0092D405 /* Debug */ = {
			isa = XCBuildConfiguration;
			buildSettings = {
				ALWAYS_SEARCH_USER_PATHS = NO;
				CLANG_ANALYZER_NONNULL = YES;
				CLANG_ANALYZER_NUMBER_OBJECT_CONVERSION = YES_AGGRESSIVE;
				CLANG_CXX_LANGUAGE_STANDARD = "gnu++20";
				CLANG_ENABLE_MODULES = YES;
				CLANG_ENABLE_OBJC_ARC = YES;
				CLANG_ENABLE_OBJC_WEAK = YES;
				CLANG_WARN_BLOCK_CAPTURE_AUTORELEASING = YES;
				CLANG_WARN_BOOL_CONVERSION = YES;
				CLANG_WARN_COMMA = YES;
				CLANG_WARN_CONSTANT_CONVERSION = YES;
				CLANG_WARN_DEPRECATED_OBJC_IMPLEMENTATIONS = YES;
				CLANG_WARN_DIRECT_OBJC_ISA_USAGE = YES_ERROR;
				CLANG_WARN_DOCUMENTATION_COMMENTS = YES;
				CLANG_WARN_EMPTY_BODY = YES;
				CLANG_WARN_ENUM_CONVERSION = YES;
				CLANG_WARN_INFINITE_RECURSION = YES;
				CLANG_WARN_INT_CONVERSION = YES;
				CLANG_WARN_NON_LITERAL_NULL_CONVERSION = YES;
				CLANG_WARN_OBJC_IMPLICIT_RETAIN_SELF = YES;
				CLANG_WARN_OBJC_LITERAL_CONVERSION = YES;
				CLANG_WARN_OBJC_ROOT_CLASS = YES_ERROR;
				CLANG_WARN_QUOTED_INCLUDE_IN_FRAMEWORK_HEADER = YES;
				CLANG_WARN_RANGE_LOOP_ANALYSIS = YES;
				CLANG_WARN_STRICT_PROTOTYPES = YES;
				CLANG_WARN_SUSPICIOUS_MOVE = YES;
				CLANG_WARN_UNGUARDED_AVAILABILITY = YES_AGGRESSIVE;
				CLANG_WARN_UNREACHABLE_CODE = YES;
				CLANG_WARN__DUPLICATE_METHOD_MATCH = YES;
				COPY_PHASE_STRIP = NO;
				DEBUG_INFORMATION_FORMAT = dwarf;
				ENABLE_STRICT_OBJC_MSGSEND = YES;
				ENABLE_TESTABILITY = YES;
				GCC_C_LANGUAGE_STANDARD = gnu11;
				GCC_DYNAMIC_NO_PIC = NO;
				GCC_NO_COMMON_BLOCKS = YES;
				GCC_OPTIMIZATION_LEVEL = 0;
				GCC_PREPROCESSOR_DEFINITIONS = (
					"DEBUG=1",
					"$(inherited)",
				);
				GCC_WARN_64_TO_32_BIT_CONVERSION = YES;
				GCC_WARN_ABOUT_RETURN_TYPE = YES_ERROR;
				GCC_WARN_UNDECLARED_SELECTOR = YES;
				GCC_WARN_UNINITIALIZED_AUTOS = YES_AGGRESSIVE;
				GCC_WARN_UNUSED_FUNCTION = YES;
				GCC_WARN_UNUSED_VARIABLE = YES;
				IPHONEOS_DEPLOYMENT_TARGET = 11.0;
				MTL_ENABLE_DEBUG_INFO = INCLUDE_SOURCE;
				MTL_FAST_MATH = YES;
				ONLY_ACTIVE_ARCH = YES;
				SDKROOT = iphoneos;
				SWIFT_ACTIVE_COMPILATION_CONDITIONS = DEBUG;
				SWIFT_OPTIMIZATION_LEVEL = "-Onone";
			};
			name = Debug;
		};
		DF4E59BD29366C9D0092D405 /* Release */ = {
			isa = XCBuildConfiguration;
			buildSettings = {
				ALWAYS_SEARCH_USER_PATHS = NO;
				CLANG_ANALYZER_NONNULL = YES;
				CLANG_ANALYZER_NUMBER_OBJECT_CONVERSION = YES_AGGRESSIVE;
				CLANG_CXX_LANGUAGE_STANDARD = "gnu++20";
				CLANG_ENABLE_MODULES = YES;
				CLANG_ENABLE_OBJC_ARC = YES;
				CLANG_ENABLE_OBJC_WEAK = YES;
				CLANG_WARN_BLOCK_CAPTURE_AUTORELEASING = YES;
				CLANG_WARN_BOOL_CONVERSION = YES;
				CLANG_WARN_COMMA = YES;
				CLANG_WARN_CONSTANT_CONVERSION = YES;
				CLANG_WARN_DEPRECATED_OBJC_IMPLEMENTATIONS = YES;
				CLANG_WARN_DIRECT_OBJC_ISA_USAGE = YES_ERROR;
				CLANG_WARN_DOCUMENTATION_COMMENTS = YES;
				CLANG_WARN_EMPTY_BODY = YES;
				CLANG_WARN_ENUM_CONVERSION = YES;
				CLANG_WARN_INFINITE_RECURSION = YES;
				CLANG_WARN_INT_CONVERSION = YES;
				CLANG_WARN_NON_LITERAL_NULL_CONVERSION = YES;
				CLANG_WARN_OBJC_IMPLICIT_RETAIN_SELF = YES;
				CLANG_WARN_OBJC_LITERAL_CONVERSION = YES;
				CLANG_WARN_OBJC_ROOT_CLASS = YES_ERROR;
				CLANG_WARN_QUOTED_INCLUDE_IN_FRAMEWORK_HEADER = YES;
				CLANG_WARN_RANGE_LOOP_ANALYSIS = YES;
				CLANG_WARN_STRICT_PROTOTYPES = YES;
				CLANG_WARN_SUSPICIOUS_MOVE = YES;
				CLANG_WARN_UNGUARDED_AVAILABILITY = YES_AGGRESSIVE;
				CLANG_WARN_UNREACHABLE_CODE = YES;
				CLANG_WARN__DUPLICATE_METHOD_MATCH = YES;
				COPY_PHASE_STRIP = NO;
				DEBUG_INFORMATION_FORMAT = "dwarf-with-dsym";
				ENABLE_NS_ASSERTIONS = NO;
				ENABLE_STRICT_OBJC_MSGSEND = YES;
				GCC_C_LANGUAGE_STANDARD = gnu11;
				GCC_NO_COMMON_BLOCKS = YES;
				GCC_WARN_64_TO_32_BIT_CONVERSION = YES;
				GCC_WARN_ABOUT_RETURN_TYPE = YES_ERROR;
				GCC_WARN_UNDECLARED_SELECTOR = YES;
				GCC_WARN_UNINITIALIZED_AUTOS = YES_AGGRESSIVE;
				GCC_WARN_UNUSED_FUNCTION = YES;
				GCC_WARN_UNUSED_VARIABLE = YES;
				IPHONEOS_DEPLOYMENT_TARGET = 11.0;
				MTL_ENABLE_DEBUG_INFO = NO;
				MTL_FAST_MATH = YES;
				SDKROOT = iphoneos;
				SWIFT_COMPILATION_MODE = wholemodule;
				SWIFT_OPTIMIZATION_LEVEL = "-O";
				VALIDATE_PRODUCT = YES;
			};
			name = Release;
		};
		DF4E59BF29366C9D0092D405 /* Debug */ = {
			isa = XCBuildConfiguration;
			buildSettings = {
				ASSETCATALOG_COMPILER_APPICON_NAME = AppIcon;
				ASSETCATALOG_COMPILER_GLOBAL_ACCENT_COLOR_NAME = AccentColor;
				CODE_SIGN_STYLE = Automatic;
				CURRENT_PROJECT_VERSION = 1;
				DEVELOPMENT_TEAM = UHS3ME8RKM;
				GENERATE_INFOPLIST_FILE = YES;
				INFOPLIST_FILE = "Sepia Pets/Resources/Info.plist";
				INFOPLIST_KEY_UIApplicationSupportsIndirectInputEvents = YES;
				INFOPLIST_KEY_UILaunchStoryboardName = LaunchScreen;
				INFOPLIST_KEY_UIMainStoryboardFile = Main;
				INFOPLIST_KEY_UISupportedInterfaceOrientations_iPad = "UIInterfaceOrientationPortrait UIInterfaceOrientationPortraitUpsideDown UIInterfaceOrientationLandscapeLeft UIInterfaceOrientationLandscapeRight";
				INFOPLIST_KEY_UISupportedInterfaceOrientations_iPhone = "UIInterfaceOrientationPortrait UIInterfaceOrientationLandscapeLeft UIInterfaceOrientationLandscapeRight";
				IPHONEOS_DEPLOYMENT_TARGET = 13.0;
				LD_RUNPATH_SEARCH_PATHS = (
					"$(inherited)",
					"@executable_path/Frameworks",
				);
				MARKETING_VERSION = 1.0;
				PRODUCT_BUNDLE_IDENTIFIER = "com.sepia.Sepia-Pets";
				PRODUCT_NAME = "$(TARGET_NAME)";
				SWIFT_EMIT_LOC_STRINGS = YES;
				SWIFT_VERSION = 5.0;
				TARGETED_DEVICE_FAMILY = "1,2";
			};
			name = Debug;
		};
		DF4E59C029366C9D0092D405 /* Release */ = {
			isa = XCBuildConfiguration;
			buildSettings = {
				ASSETCATALOG_COMPILER_APPICON_NAME = AppIcon;
				ASSETCATALOG_COMPILER_GLOBAL_ACCENT_COLOR_NAME = AccentColor;
				CODE_SIGN_STYLE = Automatic;
				CURRENT_PROJECT_VERSION = 1;
				DEVELOPMENT_TEAM = UHS3ME8RKM;
				GENERATE_INFOPLIST_FILE = YES;
				INFOPLIST_FILE = "Sepia Pets/Resources/Info.plist";
				INFOPLIST_KEY_UIApplicationSupportsIndirectInputEvents = YES;
				INFOPLIST_KEY_UILaunchStoryboardName = LaunchScreen;
				INFOPLIST_KEY_UIMainStoryboardFile = Main;
				INFOPLIST_KEY_UISupportedInterfaceOrientations_iPad = "UIInterfaceOrientationPortrait UIInterfaceOrientationPortraitUpsideDown UIInterfaceOrientationLandscapeLeft UIInterfaceOrientationLandscapeRight";
				INFOPLIST_KEY_UISupportedInterfaceOrientations_iPhone = "UIInterfaceOrientationPortrait UIInterfaceOrientationLandscapeLeft UIInterfaceOrientationLandscapeRight";
				IPHONEOS_DEPLOYMENT_TARGET = 13.0;
				LD_RUNPATH_SEARCH_PATHS = (
					"$(inherited)",
					"@executable_path/Frameworks",
				);
				MARKETING_VERSION = 1.0;
				PRODUCT_BUNDLE_IDENTIFIER = "com.sepia.Sepia-Pets";
				PRODUCT_NAME = "$(TARGET_NAME)";
				SWIFT_EMIT_LOC_STRINGS = YES;
				SWIFT_VERSION = 5.0;
				TARGETED_DEVICE_FAMILY = "1,2";
			};
			name = Release;
		};
		DF4E59C229366C9D0092D405 /* Debug */ = {
			isa = XCBuildConfiguration;
			buildSettings = {
				ALWAYS_EMBED_SWIFT_STANDARD_LIBRARIES = YES;
				BUNDLE_LOADER = "$(TEST_HOST)";
				CODE_SIGN_STYLE = Automatic;
				CURRENT_PROJECT_VERSION = 1;
				DEVELOPMENT_TEAM = UHS3ME8RKM;
				GENERATE_INFOPLIST_FILE = YES;
				IPHONEOS_DEPLOYMENT_TARGET = 16.0;
				MARKETING_VERSION = 1.0;
				PRODUCT_BUNDLE_IDENTIFIER = "com.sepia.Sepia-PetsTests";
				PRODUCT_NAME = "$(TARGET_NAME)";
				SWIFT_EMIT_LOC_STRINGS = NO;
				SWIFT_VERSION = 5.0;
				TARGETED_DEVICE_FAMILY = "1,2";
				TEST_HOST = "$(BUILT_PRODUCTS_DIR)/Sepia Pets.app/$(BUNDLE_EXECUTABLE_FOLDER_PATH)/Sepia Pets";
			};
			name = Debug;
		};
		DF4E59C329366C9D0092D405 /* Release */ = {
			isa = XCBuildConfiguration;
			buildSettings = {
				ALWAYS_EMBED_SWIFT_STANDARD_LIBRARIES = YES;
				BUNDLE_LOADER = "$(TEST_HOST)";
				CODE_SIGN_STYLE = Automatic;
				CURRENT_PROJECT_VERSION = 1;
				DEVELOPMENT_TEAM = UHS3ME8RKM;
				GENERATE_INFOPLIST_FILE = YES;
				IPHONEOS_DEPLOYMENT_TARGET = 16.0;
				MARKETING_VERSION = 1.0;
				PRODUCT_BUNDLE_IDENTIFIER = "com.sepia.Sepia-PetsTests";
				PRODUCT_NAME = "$(TARGET_NAME)";
				SWIFT_EMIT_LOC_STRINGS = NO;
				SWIFT_VERSION = 5.0;
				TARGETED_DEVICE_FAMILY = "1,2";
				TEST_HOST = "$(BUILT_PRODUCTS_DIR)/Sepia Pets.app/$(BUNDLE_EXECUTABLE_FOLDER_PATH)/Sepia Pets";
			};
			name = Release;
		};
		DF4E59C529366C9D0092D405 /* Debug */ = {
			isa = XCBuildConfiguration;
			buildSettings = {
				ALWAYS_EMBED_SWIFT_STANDARD_LIBRARIES = YES;
				CODE_SIGN_STYLE = Automatic;
				CURRENT_PROJECT_VERSION = 1;
				DEVELOPMENT_TEAM = UHS3ME8RKM;
				GENERATE_INFOPLIST_FILE = YES;
				MARKETING_VERSION = 1.0;
				PRODUCT_BUNDLE_IDENTIFIER = "com.sepia.Sepia-PetsUITests";
				PRODUCT_NAME = "$(TARGET_NAME)";
				SWIFT_EMIT_LOC_STRINGS = NO;
				SWIFT_VERSION = 5.0;
				TARGETED_DEVICE_FAMILY = "1,2";
				TEST_TARGET_NAME = "Sepia Pets";
			};
			name = Debug;
		};
		DF4E59C629366C9D0092D405 /* Release */ = {
			isa = XCBuildConfiguration;
			buildSettings = {
				ALWAYS_EMBED_SWIFT_STANDARD_LIBRARIES = YES;
				CODE_SIGN_STYLE = Automatic;
				CURRENT_PROJECT_VERSION = 1;
				DEVELOPMENT_TEAM = UHS3ME8RKM;
				GENERATE_INFOPLIST_FILE = YES;
				MARKETING_VERSION = 1.0;
				PRODUCT_BUNDLE_IDENTIFIER = "com.sepia.Sepia-PetsUITests";
				PRODUCT_NAME = "$(TARGET_NAME)";
				SWIFT_EMIT_LOC_STRINGS = NO;
				SWIFT_VERSION = 5.0;
				TARGETED_DEVICE_FAMILY = "1,2";
				TEST_TARGET_NAME = "Sepia Pets";
			};
			name = Release;
		};
/* End XCBuildConfiguration section */

/* Begin XCConfigurationList section */
		DF4E598F29366C9B0092D405 /* Build configuration list for PBXProject "Sepia Pets" */ = {
			isa = XCConfigurationList;
			buildConfigurations = (
				DF4E59BC29366C9D0092D405 /* Debug */,
				DF4E59BD29366C9D0092D405 /* Release */,
			);
			defaultConfigurationIsVisible = 0;
			defaultConfigurationName = Release;
		};
		DF4E59BE29366C9D0092D405 /* Build configuration list for PBXNativeTarget "Sepia Pets" */ = {
			isa = XCConfigurationList;
			buildConfigurations = (
				DF4E59BF29366C9D0092D405 /* Debug */,
				DF4E59C029366C9D0092D405 /* Release */,
			);
			defaultConfigurationIsVisible = 0;
			defaultConfigurationName = Release;
		};
		DF4E59C129366C9D0092D405 /* Build configuration list for PBXNativeTarget "Sepia PetsTests" */ = {
			isa = XCConfigurationList;
			buildConfigurations = (
				DF4E59C229366C9D0092D405 /* Debug */,
				DF4E59C329366C9D0092D405 /* Release */,
			);
			defaultConfigurationIsVisible = 0;
			defaultConfigurationName = Release;
		};
		DF4E59C429366C9D0092D405 /* Build configuration list for PBXNativeTarget "Sepia PetsUITests" */ = {
			isa = XCConfigurationList;
			buildConfigurations = (
				DF4E59C529366C9D0092D405 /* Debug */,
				DF4E59C629366C9D0092D405 /* Release */,
			);
			defaultConfigurationIsVisible = 0;
			defaultConfigurationName = Release;
		};
/* End XCConfigurationList section */
	};
	rootObject = DF4E598C29366C9B0092D405 /* Project object */;
}
